
Microsoft Visual Studio Solution File, Format Version 12.00
# Visual Studio Version 17
VisualStudioVersion = 17.12.35527.113 d17.12
MinimumVisualStudioVersion = 10.0.40219.1
Project("{FAE04EC0-301F-11D3-BF4B-00C04F79EFBC}") = "Finance.Domain", "Finance.Domain\Finance.Domain.csproj", "{086E9D9E-93D6-40AF-80EC-312BC8D12D8E}"
EndProject
Project("{FAE04EC0-301F-11D3-BF4B-00C04F79EFBC}") = "Finance.Application", "Finance.Application\Finance.Application.csproj", "{56659333-060C-4CA8-92EB-0AE3DED76B9F}"
EndProject
Project("{FAE04EC0-301F-11D3-BF4B-00C04F79EFBC}") = "Finance.Infrastructure", "Finance.Infrastructure\Finance.Infrastructure.csproj", "{3709818D-D363-4561-AA6E-E34AE8502A44}"
EndProject
Project("{FAE04EC0-301F-11D3-BF4B-00C04F79EFBC}") = "Finance.API", "Finance.API\Finance.API.csproj", "{4CD275C6-FBF7-41A3-8AFA-EA0ABC7EF6A4}"
EndProject
Project("{2150E333-8FDC-42A3-9474-1A3956D46DE8}") = "src", "src", "{828D6658-74EB-4EB8-892B-8E927E47E542}"
EndProject
Project("{2150E333-8FDC-42A3-9474-1A3956D46DE8}") = "tests", "tests", "{0F031710-33F6-430E-A773-52C71096FF61}"
EndProject
Project("{FAE04EC0-301F-11D3-BF4B-00C04F79EFBC}") = "Finance.UnitTests", "Finance.UnitTests\Finance.UnitTests.csproj", "{CA3535A8-EEB9-43DA-9394-A0F37B1E92B2}"
EndProject
Project("{FAE04EC0-301F-11D3-BF4B-00C04F79EFBC}") = "Finance.IntegrationTests", "Finance.IntegrationTests\Finance.IntegrationTests.csproj", "{F5D411E6-AC61-4542-855D-AE6E38C312F3}"
EndProject
Global
	GlobalSection(SolutionConfigurationPlatforms) = preSolution
		Debug|Any CPU = Debug|Any CPU
		Release|Any CPU = Release|Any CPU
	EndGlobalSection
	GlobalSection(ProjectConfigurationPlatforms) = postSolution
		{086E9D9E-93D6-40AF-80EC-312BC8D12D8E}.Debug|Any CPU.ActiveCfg = Debug|Any CPU
		{086E9D9E-93D6-40AF-80EC-312BC8D12D8E}.Debug|Any CPU.Build.0 = Debug|Any CPU
		{086E9D9E-93D6-40AF-80EC-312BC8D12D8E}.Release|Any CPU.ActiveCfg = Release|Any CPU
		{086E9D9E-93D6-40AF-80EC-312BC8D12D8E}.Release|Any CPU.Build.0 = Release|Any CPU
		{56659333-060C-4CA8-92EB-0AE3DED76B9F}.Debug|Any CPU.ActiveCfg = Debug|Any CPU
		{56659333-060C-4CA8-92EB-0AE3DED76B9F}.Debug|Any CPU.Build.0 = Debug|Any CPU
		{56659333-060C-4CA8-92EB-0AE3DED76B9F}.Release|Any CPU.ActiveCfg = Release|Any CPU
		{56659333-060C-4CA8-92EB-0AE3DED76B9F}.Release|Any CPU.Build.0 = Release|Any CPU
		{3709818D-D363-4561-AA6E-E34AE8502A44}.Debug|Any CPU.ActiveCfg = Debug|Any CPU
		{3709818D-D363-4561-AA6E-E34AE8502A44}.Debug|Any CPU.Build.0 = Debug|Any CPU
		{3709818D-D363-4561-AA6E-E34AE8502A44}.Release|Any CPU.ActiveCfg = Release|Any CPU
		{3709818D-D363-4561-AA6E-E34AE8502A44}.Release|Any CPU.Build.0 = Release|Any CPU
		{4CD275C6-FBF7-41A3-8AFA-EA0ABC7EF6A4}.Debug|Any CPU.ActiveCfg = Debug|Any CPU
		{4CD275C6-FBF7-41A3-8AFA-EA0ABC7EF6A4}.Debug|Any CPU.Build.0 = Debug|Any CPU
		{4CD275C6-FBF7-41A3-8AFA-EA0ABC7EF6A4}.Release|Any CPU.ActiveCfg = Release|Any CPU
		{4CD275C6-FBF7-41A3-8AFA-EA0ABC7EF6A4}.Release|Any CPU.Build.0 = Release|Any CPU
		{CA3535A8-EEB9-43DA-9394-A0F37B1E92B2}.Debug|Any CPU.ActiveCfg = Debug|Any CPU
		{CA3535A8-EEB9-43DA-9394-A0F37B1E92B2}.Debug|Any CPU.Build.0 = Debug|Any CPU
		{CA3535A8-EEB9-43DA-9394-A0F37B1E92B2}.Release|Any CPU.ActiveCfg = Release|Any CPU
		{CA3535A8-EEB9-43DA-9394-A0F37B1E92B2}.Release|Any CPU.Build.0 = Release|Any CPU
		{F5D411E6-AC61-4542-855D-AE6E38C312F3}.Debug|Any CPU.ActiveCfg = Debug|Any CPU
		{F5D411E6-AC61-4542-855D-AE6E38C312F3}.Debug|Any CPU.Build.0 = Debug|Any CPU
		{F5D411E6-AC61-4542-855D-AE6E38C312F3}.Release|Any CPU.ActiveCfg = Release|Any CPU
		{F5D411E6-AC61-4542-855D-AE6E38C312F3}.Release|Any CPU.Build.0 = Release|Any CPU
	EndGlobalSection
	GlobalSection(SolutionProperties) = preSolution
		HideSolutionNode = FALSE
	EndGlobalSection
	GlobalSection(NestedProjects) = preSolution
		{086E9D9E-93D6-40AF-80EC-312BC8D12D8E} = {828D6658-74EB-4EB8-892B-8E927E47E542}
		{56659333-060C-4CA8-92EB-0AE3DED76B9F} = {828D6658-74EB-4EB8-892B-8E927E47E542}
		{3709818D-D363-4561-AA6E-E34AE8502A44} = {828D6658-74EB-4EB8-892B-8E927E47E542}
		{4CD275C6-FBF7-41A3-8AFA-EA0ABC7EF6A4} = {828D6658-74EB-4EB8-892B-8E927E47E542}
		{CA3535A8-EEB9-43DA-9394-A0F37B1E92B2} = {0F031710-33F6-430E-A773-52C71096FF61}
		{F5D411E6-AC61-4542-855D-AE6E38C312F3} = {0F031710-33F6-430E-A773-52C71096FF61}
	EndGlobalSection
EndGlobal
